
Microsoft Visual Studio Solution File, Format Version 12.00
# Visual Studio 15
VisualStudioVersion = 15.0.26228.4
MinimumVisualStudioVersion = 10.0.40219.1
Project("{FAE04EC0-301F-11D3-BF4B-00C04F79EFBC}") = "FreshMvvm.IOC.Common", "FreshMvvm.IOC.Common\FreshMvvm.IOC.Common.csproj", "{67F9D3A8-F71E-4428-913F-C37AE82CDB24}"
EndProject
Project("{FAE04EC0-301F-11D3-BF4B-00C04F79EFBC}") = "Xamarin.Extensions.Logging.MobileCenter", "Xamarin.Extensions.Logging.MobileCenter\Xamarin.Extensions.Logging.MobileCenter.csproj", "{B06DBEEE-62F2-4377-AB50-614CF4D286A3}"
EndProject
Global
	GlobalSection(SolutionConfigurationPlatforms) = preSolution
		Debug|Any CPU = Debug|Any CPU
		Debug|x64 = Debug|x64
		Debug|x86 = Debug|x86
		Release|Any CPU = Release|Any CPU
		Release|x64 = Release|x64
		Release|x86 = Release|x86
	EndGlobalSection
	GlobalSection(ProjectConfigurationPlatforms) = postSolution
		{67F9D3A8-F71E-4428-913F-C37AE82CDB24}.Debug|Any CPU.ActiveCfg = Debug|Any CPU
		{67F9D3A8-F71E-4428-913F-C37AE82CDB24}.Debug|Any CPU.Build.0 = Debug|Any CPU
		{67F9D3A8-F71E-4428-913F-C37AE82CDB24}.Debug|x64.ActiveCfg = Debug|Any CPU
		{67F9D3A8-F71E-4428-913F-C37AE82CDB24}.Debug|x64.Build.0 = Debug|Any CPU
		{67F9D3A8-F71E-4428-913F-C37AE82CDB24}.Debug|x86.ActiveCfg = Debug|Any CPU
		{67F9D3A8-F71E-4428-913F-C37AE82CDB24}.Debug|x86.Build.0 = Debug|Any CPU
		{67F9D3A8-F71E-4428-913F-C37AE82CDB24}.Release|Any CPU.ActiveCfg = Release|Any CPU
		{67F9D3A8-F71E-4428-913F-C37AE82CDB24}.Release|Any CPU.Build.0 = Release|Any CPU
		{67F9D3A8-F71E-4428-913F-C37AE82CDB24}.Release|x64.ActiveCfg = Release|Any CPU
		{67F9D3A8-F71E-4428-913F-C37AE82CDB24}.Release|x64.Build.0 = Release|Any CPU
		{67F9D3A8-F71E-4428-913F-C37AE82CDB24}.Release|x86.ActiveCfg = Release|Any CPU
		{67F9D3A8-F71E-4428-913F-C37AE82CDB24}.Release|x86.Build.0 = Release|Any CPU
		{B06DBEEE-62F2-4377-AB50-614CF4D286A3}.Debug|Any CPU.ActiveCfg = Debug|Any CPU
		{B06DBEEE-62F2-4377-AB50-614CF4D286A3}.Debug|Any CPU.Build.0 = Debug|Any CPU
		{B06DBEEE-62F2-4377-AB50-614CF4D286A3}.Debug|x64.ActiveCfg = Debug|Any CPU
		{B06DBEEE-62F2-4377-AB50-614CF4D286A3}.Debug|x64.Build.0 = Debug|Any CPU
		{B06DBEEE-62F2-4377-AB50-614CF4D286A3}.Debug|x86.ActiveCfg = Debug|Any CPU
		{B06DBEEE-62F2-4377-AB50-614CF4D286A3}.Debug|x86.Build.0 = Debug|Any CPU
		{B06DBEEE-62F2-4377-AB50-614CF4D286A3}.Release|Any CPU.ActiveCfg = Release|Any CPU
		{B06DBEEE-62F2-4377-AB50-614CF4D286A3}.Release|Any CPU.Build.0 = Release|Any CPU
		{B06DBEEE-62F2-4377-AB50-614CF4D286A3}.Release|x64.ActiveCfg = Release|Any CPU
		{B06DBEEE-62F2-4377-AB50-614CF4D286A3}.Release|x64.Build.0 = Release|Any CPU
		{B06DBEEE-62F2-4377-AB50-614CF4D286A3}.Release|x86.ActiveCfg = Release|Any CPU
		{B06DBEEE-62F2-4377-AB50-614CF4D286A3}.Release|x86.Build.0 = Release|Any CPU
	EndGlobalSection
	GlobalSection(SolutionProperties) = preSolution
		HideSolutionNode = FALSE
	EndGlobalSection
EndGlobal
